
Microsoft Visual Studio Solution File, Format Version 12.00
Project("{FAE04EC0-301F-11D3-BF4B-00C04F79EFBC}") = "Vendingmachine-wpf", "Vendingmachine-wpf.csproj", "{F5B084C0-8A7B-43D9-BA93-970B9D6806A5}"
EndProject
Global
	GlobalSection(SolutionConfigurationPlatforms) = preSolution
		Debug|Any CPU = Debug|Any CPU
		Release|Any CPU = Release|Any CPU
	EndGlobalSection
	GlobalSection(ProjectConfigurationPlatforms) = postSolution
		{F5B084C0-8A7B-43D9-BA93-970B9D6806A5}.Debug|Any CPU.ActiveCfg = Debug|Any CPU
		{F5B084C0-8A7B-43D9-BA93-970B9D6806A5}.Debug|Any CPU.Build.0 = Debug|Any CPU
		{F5B084C0-8A7B-43D9-BA93-970B9D6806A5}.Release|Any CPU.ActiveCfg = Release|Any CPU
		{F5B084C0-8A7B-43D9-BA93-970B9D6806A5}.Release|Any CPU.Build.0 = Release|Any CPU
	EndGlobalSection
EndGlobal
